
Microsoft Visual Studio Solution File, Format Version 12.00
# Visual Studio Version 17
VisualStudioVersion = 17.4.33122.133
MinimumVisualStudioVersion = 10.0.40219.1
Project("{FAE04EC0-301F-11D3-BF4B-00C04F79EFBC}") = "CRUDemais", "CRUDemais\CRUDemais.csproj", "{AF2276A3-342E-4FA9-B130-A1B609E77288}"
EndProject
Global
	GlobalSection(SolutionConfigurationPlatforms) = preSolution
		Debug|Any CPU = Debug|Any CPU
		Release|Any CPU = Release|Any CPU
	EndGlobalSection
	GlobalSection(ProjectConfigurationPlatforms) = postSolution
		{AF2276A3-342E-4FA9-B130-A1B609E77288}.Debug|Any CPU.ActiveCfg = Debug|Any CPU
		{AF2276A3-342E-4FA9-B130-A1B609E77288}.Debug|Any CPU.Build.0 = Debug|Any CPU
		{AF2276A3-342E-4FA9-B130-A1B609E77288}.Release|Any CPU.ActiveCfg = Release|Any CPU
		{AF2276A3-342E-4FA9-B130-A1B609E77288}.Release|Any CPU.Build.0 = Release|Any CPU
	EndGlobalSection
	GlobalSection(SolutionProperties) = preSolution
		HideSolutionNode = FALSE
	EndGlobalSection
	GlobalSection(ExtensibilityGlobals) = postSolution
		SolutionGuid = {9925143D-68A0-4996-87CA-57609EAC67E9}
	EndGlobalSection
EndGlobal
